<?xml version="1.0" encoding="utf-8"?>
<Project ToolsVersion="4.0" xmlns="http://schemas.microsoft.com/developer/msbuild/2003">
  <ItemGroup>
    <ClCompile Include="Ball.cpp" />
    <ClCompile Include="Brick.cpp" />
    <ClCompile Include="Console.cpp" />
    <ClCompile Include="Game.cpp" />
    <ClCompile Include="Heart.cpp" />
    <ClCompile Include="Main.cpp" />
    <ClCompile Include="Paddle.cpp" />
    <ClCompile Include="Particle.cpp" />
    <ClCompile Include="states.cpp" />
  </ItemGroup>
  <ItemGroup>
    <ClInclude Include="..\packages\raylib.4.0.0.7\build\native\include\raylib.h" />
    <ClInclude Include="Ball.h" />
    <ClInclude Include="BaseState.h" />
    <ClInclude Include="Brick.h" />
    <ClInclude Include="CommonHeaders.h" />
    <ClInclude Include="Console.h" />
    <ClInclude Include="Fonts.h" />
    <ClInclude Include="Game.h" />
    <ClInclude Include="Graphics.h" />
    <ClInclude Include="Heart.h" />
    <ClInclude Include="Paddle.h" />
    <ClInclude Include="Particle.h" />
    <ClInclude Include="Sounds.h" />
    <ClInclude Include="State.h" />
    <ClInclude Include="States.h" />
  </ItemGroup>
  <ItemGroup>
    <Media Include="..\..\..\..\Downloads\src2 (1)\breakout-master\breakout0\sounds\brick-hit-1.wav" />
    <Media Include="..\..\..\..\Downloads\src2 (1)\breakout-master\breakout0\sounds\brick-hit-2.wav" />
    <Media Include="..\..\..\..\Downloads\src2 (1)\breakout-master\breakout0\sounds\confirm.wav" />
    <Media Include="..\..\..\..\Downloads\src2 (1)\breakout-master\breakout0\sounds\high_score.wav" />
    <Media Include="..\..\..\..\Downloads\src2 (1)\breakout-master\breakout0\sounds\hurt.wav" />
    <Media Include="..\..\..\..\Downloads\src2 (1)\breakout-master\breakout0\sounds\music.wav" />
    <Media Include="..\..\..\..\Downloads\src2 (1)\breakout-master\breakout0\sounds\no-select.wav" />
    <Media Include="..\..\..\..\Downloads\src2 (1)\breakout-master\breakout0\sounds\paddle_hit.wav" />
    <Media Include="..\..\..\..\Downloads\src2 (1)\breakout-master\breakout0\sounds\pause.wav" />
    <Media Include="..\..\..\..\Downloads\src2 (1)\breakout-master\breakout0\sounds\recover.wav" />
    <Media Include="..\..\..\..\Downloads\src2 (1)\breakout-master\breakout0\sounds\score.wav" />
    <Media Include="..\..\..\..\Downloads\src2 (1)\breakout-master\breakout0\sounds\select.wav" />
    <Media Include="..\..\..\..\Downloads\src2 (1)\breakout-master\breakout0\sounds\victory.wav" />
    <Media Include="..\..\..\..\Downloads\src2 (1)\breakout-master\breakout0\sounds\wall_hit.wav" />
  </ItemGroup>
  <ItemGroup>
    <Image Include="..\..\..\..\Downloads\src2 (1)\breakout-master\breakout0\graphics\arrows.png" />
    <Image Include="..\..\..\..\Downloads\src2 (1)\breakout-master\breakout0\graphics\background.png" />
    <Image Include="..\..\..\..\Downloads\src2 (1)\breakout-master\breakout0\graphics\blocks.png" />
    <Image Include="..\..\..\..\Downloads\src2 (1)\breakout-master\breakout0\graphics\breakout.png" />
    <Image Include="..\..\..\..\Downloads\src2 (1)\breakout-master\breakout0\graphics\breakout_big.png" />
    <Image Include="..\..\..\..\Downloads\src2 (1)\breakout-master\breakout0\graphics\hearts.png" />
    <Image Include="..\..\..\..\Downloads\src2 (1)\breakout-master\breakout0\graphics\particle.png" />
    <Image Include="..\..\..\..\Downloads\src2 (1)\breakout-master\breakout0\graphics\ui.png" />
  </ItemGroup>
  <ItemGroup>
    <Font Include="..\..\..\..\Downloads\src2 (1)\breakout-master\breakout0\fonts\font.ttf" />
  </ItemGroup>
  <ItemGroup>
    <None Include="..\packages.config" />
    <None Include="packages.config" />
  </ItemGroup>
</Project>